
Microsoft Visual Studio Solution File, Format Version 12.00
# Visual Studio Version 16
VisualStudioVersion = 16.0.31112.23
MinimumVisualStudioVersion = 10.0.40219.1
Project("{8BC9CEB8-8B4A-11D0-8D11-00A0C91BC942}") = "Detours", "Detours\vc\Detours.vcxproj", "{37489709-8054-4903-9C49-A79846049FC9}"
EndProject
Project("{8BC9CEB8-8B4A-11D0-8D11-00A0C91BC942}") = "detour_dx9", "detour_dx9\detour_dx9.vcxproj", "{A7225AEA-C43B-4ADA-AB2C-973796310E00}"
EndProject
Project("{8BC9CEB8-8B4A-11D0-8D11-00A0C91BC942}") = "detour_dx9_wrapper", "detour_dx9_wrapper\detour_dx9_wrapper.vcxproj", "{DA1D663A-9CDF-487C-BA21-9A0932F449DF}"
EndProject
Global
	GlobalSection(SolutionConfigurationPlatforms) = preSolution
		Debug|x64 = Debug|x64
		Debug|x86 = Debug|x86
		DebugMDd|x64 = DebugMDd|x64
		DebugMDd|x86 = DebugMDd|x86
		Release|x64 = Release|x64
		Release|x86 = Release|x86
		ReleaseMD|x64 = ReleaseMD|x64
		ReleaseMD|x86 = ReleaseMD|x86
	EndGlobalSection
	GlobalSection(ProjectConfigurationPlatforms) = postSolution
		{37489709-8054-4903-9C49-A79846049FC9}.Debug|x64.ActiveCfg = DebugMDd|x64
		{37489709-8054-4903-9C49-A79846049FC9}.Debug|x64.Build.0 = DebugMDd|x64
		{37489709-8054-4903-9C49-A79846049FC9}.Debug|x86.ActiveCfg = DebugMDd|Win32
		{37489709-8054-4903-9C49-A79846049FC9}.Debug|x86.Build.0 = DebugMDd|Win32
		{37489709-8054-4903-9C49-A79846049FC9}.DebugMDd|x64.ActiveCfg = DebugMDd|x64
		{37489709-8054-4903-9C49-A79846049FC9}.DebugMDd|x64.Build.0 = DebugMDd|x64
		{37489709-8054-4903-9C49-A79846049FC9}.DebugMDd|x86.ActiveCfg = DebugMDd|Win32
		{37489709-8054-4903-9C49-A79846049FC9}.DebugMDd|x86.Build.0 = DebugMDd|Win32
		{37489709-8054-4903-9C49-A79846049FC9}.Release|x64.ActiveCfg = ReleaseMD|x64
		{37489709-8054-4903-9C49-A79846049FC9}.Release|x64.Build.0 = ReleaseMD|x64
		{37489709-8054-4903-9C49-A79846049FC9}.Release|x86.ActiveCfg = ReleaseMD|Win32
		{37489709-8054-4903-9C49-A79846049FC9}.Release|x86.Build.0 = ReleaseMD|Win32
		{37489709-8054-4903-9C49-A79846049FC9}.ReleaseMD|x64.ActiveCfg = ReleaseMD|x64
		{37489709-8054-4903-9C49-A79846049FC9}.ReleaseMD|x64.Build.0 = ReleaseMD|x64
		{37489709-8054-4903-9C49-A79846049FC9}.ReleaseMD|x86.ActiveCfg = ReleaseMD|Win32
		{37489709-8054-4903-9C49-A79846049FC9}.ReleaseMD|x86.Build.0 = ReleaseMD|Win32
		{A7225AEA-C43B-4ADA-AB2C-973796310E00}.Debug|x64.ActiveCfg = Debug|x64
		{A7225AEA-C43B-4ADA-AB2C-973796310E00}.Debug|x64.Build.0 = Debug|x64
		{A7225AEA-C43B-4ADA-AB2C-973796310E00}.Debug|x86.ActiveCfg = Debug|Win32
		{A7225AEA-C43B-4ADA-AB2C-973796310E00}.Debug|x86.Build.0 = Debug|Win32
		{A7225AEA-C43B-4ADA-AB2C-973796310E00}.DebugMDd|x64.ActiveCfg = Debug|x64
		{A7225AEA-C43B-4ADA-AB2C-973796310E00}.DebugMDd|x64.Build.0 = Debug|x64
		{A7225AEA-C43B-4ADA-AB2C-973796310E00}.DebugMDd|x86.ActiveCfg = Debug|Win32
		{A7225AEA-C43B-4ADA-AB2C-973796310E00}.DebugMDd|x86.Build.0 = Debug|Win32
		{A7225AEA-C43B-4ADA-AB2C-973796310E00}.Release|x64.ActiveCfg = Release|x64
		{A7225AEA-C43B-4ADA-AB2C-973796310E00}.Release|x64.Build.0 = Release|x64
		{A7225AEA-C43B-4ADA-AB2C-973796310E00}.Release|x86.ActiveCfg = Release|Win32
		{A7225AEA-C43B-4ADA-AB2C-973796310E00}.Release|x86.Build.0 = Release|Win32
		{A7225AEA-C43B-4ADA-AB2C-973796310E00}.ReleaseMD|x64.ActiveCfg = Release|x64
		{A7225AEA-C43B-4ADA-AB2C-973796310E00}.ReleaseMD|x64.Build.0 = Release|x64
		{A7225AEA-C43B-4ADA-AB2C-973796310E00}.ReleaseMD|x86.ActiveCfg = Release|Win32
		{A7225AEA-C43B-4ADA-AB2C-973796310E00}.ReleaseMD|x86.Build.0 = Release|Win32
		{DA1D663A-9CDF-487C-BA21-9A0932F449DF}.Debug|x64.ActiveCfg = Debug|x64
		{DA1D663A-9CDF-487C-BA21-9A0932F449DF}.Debug|x64.Build.0 = Debug|x64
		{DA1D663A-9CDF-487C-BA21-9A0932F449DF}.Debug|x86.ActiveCfg = Debug|Win32
		{DA1D663A-9CDF-487C-BA21-9A0932F449DF}.Debug|x86.Build.0 = Debug|Win32
		{DA1D663A-9CDF-487C-BA21-9A0932F449DF}.DebugMDd|x64.ActiveCfg = Debug|x64
		{DA1D663A-9CDF-487C-BA21-9A0932F449DF}.DebugMDd|x64.Build.0 = Debug|x64
		{DA1D663A-9CDF-487C-BA21-9A0932F449DF}.DebugMDd|x86.ActiveCfg = Debug|Win32
		{DA1D663A-9CDF-487C-BA21-9A0932F449DF}.DebugMDd|x86.Build.0 = Debug|Win32
		{DA1D663A-9CDF-487C-BA21-9A0932F449DF}.Release|x64.ActiveCfg = Release|x64
		{DA1D663A-9CDF-487C-BA21-9A0932F449DF}.Release|x64.Build.0 = Release|x64
		{DA1D663A-9CDF-487C-BA21-9A0932F449DF}.Release|x86.ActiveCfg = Release|Win32
		{DA1D663A-9CDF-487C-BA21-9A0932F449DF}.Release|x86.Build.0 = Release|Win32
		{DA1D663A-9CDF-487C-BA21-9A0932F449DF}.ReleaseMD|x64.ActiveCfg = Release|x64
		{DA1D663A-9CDF-487C-BA21-9A0932F449DF}.ReleaseMD|x64.Build.0 = Release|x64
		{DA1D663A-9CDF-487C-BA21-9A0932F449DF}.ReleaseMD|x86.ActiveCfg = Release|Win32
		{DA1D663A-9CDF-487C-BA21-9A0932F449DF}.ReleaseMD|x86.Build.0 = Release|Win32
	EndGlobalSection
	GlobalSection(SolutionProperties) = preSolution
		HideSolutionNode = FALSE
	EndGlobalSection
	GlobalSection(ExtensibilityGlobals) = postSolution
		SolutionGuid = {8C99D453-DA24-493F-9AC1-74EF1C2C7DF1}
	EndGlobalSection
EndGlobal
